
Microsoft Visual Studio Solution File, Format Version 12.00
# Visual Studio Version 17
VisualStudioVersion = 17.11.35327.3
MinimumVisualStudioVersion = 10.0.40219.1
Project("{FAE04EC0-301F-11D3-BF4B-00C04F79EFBC}") = "Fahrgemeinschaftsplattform", "Fahrgemeinschaftsplattform.csproj", "{B4F6510B-7E0F-4D21-B9A8-6826E26B9D1F}"
EndProject
Global
	GlobalSection(SolutionConfigurationPlatforms) = preSolution
		Debug|Any CPU = Debug|Any CPU
		Release|Any CPU = Release|Any CPU
	EndGlobalSection
	GlobalSection(ProjectConfigurationPlatforms) = postSolution
		{B4F6510B-7E0F-4D21-B9A8-6826E26B9D1F}.Debug|Any CPU.ActiveCfg = Debug|Any CPU
		{B4F6510B-7E0F-4D21-B9A8-6826E26B9D1F}.Debug|Any CPU.Build.0 = Debug|Any CPU
		{B4F6510B-7E0F-4D21-B9A8-6826E26B9D1F}.Release|Any CPU.ActiveCfg = Release|Any CPU
		{B4F6510B-7E0F-4D21-B9A8-6826E26B9D1F}.Release|Any CPU.Build.0 = Release|Any CPU
	EndGlobalSection
	GlobalSection(SolutionProperties) = preSolution
		HideSolutionNode = FALSE
	EndGlobalSection
	GlobalSection(ExtensibilityGlobals) = postSolution
		SolutionGuid = {B632B38E-43E8-43DB-88A8-4EFF0193EE78}
	EndGlobalSection
EndGlobal
